
Microsoft Visual Studio Solution File, Format Version 12.00
# Visual Studio Version 16
VisualStudioVersion = 16.0.31911.196
MinimumVisualStudioVersion = 10.0.40219.1
Project("{9A19103F-16F7-4668-BE54-9A1E7A4F7556}") = "MD2DocxAvalon", "MD2DocxAvalon.csproj", "{7411CDC2-6305-4EA5-BCD8-B36E7C3F1367}"
EndProject
Project("{FAE04EC0-301F-11D3-BF4B-00C04F79EFBC}") = "MD2DocxCore", "MD2DocxCore\MD2DocxCore.csproj", "{638037DD-DB15-4AC8-BCE2-7BC26F868DEF}"
EndProject
Global
	GlobalSection(SolutionConfigurationPlatforms) = preSolution
		Debug|Any CPU = Debug|Any CPU
		Release|Any CPU = Release|Any CPU
	EndGlobalSection
	GlobalSection(ProjectConfigurationPlatforms) = postSolution
		{7411CDC2-6305-4EA5-BCD8-B36E7C3F1367}.Debug|Any CPU.ActiveCfg = Debug|Any CPU
		{7411CDC2-6305-4EA5-BCD8-B36E7C3F1367}.Debug|Any CPU.Build.0 = Debug|Any CPU
		{7411CDC2-6305-4EA5-BCD8-B36E7C3F1367}.Release|Any CPU.ActiveCfg = Release|Any CPU
		{7411CDC2-6305-4EA5-BCD8-B36E7C3F1367}.Release|Any CPU.Build.0 = Release|Any CPU
		{638037DD-DB15-4AC8-BCE2-7BC26F868DEF}.Debug|Any CPU.ActiveCfg = Debug|Any CPU
		{638037DD-DB15-4AC8-BCE2-7BC26F868DEF}.Debug|Any CPU.Build.0 = Debug|Any CPU
		{638037DD-DB15-4AC8-BCE2-7BC26F868DEF}.Release|Any CPU.ActiveCfg = Release|Any CPU
		{638037DD-DB15-4AC8-BCE2-7BC26F868DEF}.Release|Any CPU.Build.0 = Release|Any CPU
	EndGlobalSection
	GlobalSection(SolutionProperties) = preSolution
		HideSolutionNode = FALSE
	EndGlobalSection
	GlobalSection(ExtensibilityGlobals) = postSolution
		SolutionGuid = {F6F5DCB4-E8F6-4CD5-A5CF-1D15F4A45B91}
	EndGlobalSection
EndGlobal
